
Microsoft Visual Studio Solution File, Format Version 12.00
Project("{FAE04EC0-301F-11D3-BF4B-00C04F79EFBC}") = "HeicBatchConvert", "HeicBatchConvert\HeicBatchConvert.csproj", "{C31E725E-3239-438D-AF61-9864395BA97D}"
EndProject
Project("{FAE04EC0-301F-11D3-BF4B-00C04F79EFBC}") = "HeicBatchConvert.Core", "HeicBatchConvert.Core\HeicBatchConvert.Core.csproj", "{E5B13366-F058-457C-A269-FAE423FE1CF3}"
EndProject
Project("{FAE04EC0-301F-11D3-BF4B-00C04F79EFBC}") = "HeicBatchConvert.Application", "HeicBatchConvert.Application\HeicBatchConvert.Application.csproj", "{08B8A6F6-AA7F-4C25-8D49-FF7EE8BB2708}"
EndProject
Project("{FAE04EC0-301F-11D3-BF4B-00C04F79EFBC}") = "HeicBatchConvert.Infrastructure", "HeicBatchConvert.Infrastructure\HeicBatchConvert.Infrastructure.csproj", "{14F3DFD9-5FF3-433E-BC6D-D0FB90ED2406}"
EndProject
Global
	GlobalSection(SolutionConfigurationPlatforms) = preSolution
		Debug|Any CPU = Debug|Any CPU
		Release|Any CPU = Release|Any CPU
	EndGlobalSection
	GlobalSection(ProjectConfigurationPlatforms) = postSolution
		{C31E725E-3239-438D-AF61-9864395BA97D}.Debug|Any CPU.ActiveCfg = Debug|Any CPU
		{C31E725E-3239-438D-AF61-9864395BA97D}.Debug|Any CPU.Build.0 = Debug|Any CPU
		{C31E725E-3239-438D-AF61-9864395BA97D}.Release|Any CPU.ActiveCfg = Release|Any CPU
		{C31E725E-3239-438D-AF61-9864395BA97D}.Release|Any CPU.Build.0 = Release|Any CPU
		{E5B13366-F058-457C-A269-FAE423FE1CF3}.Debug|Any CPU.ActiveCfg = Debug|Any CPU
		{E5B13366-F058-457C-A269-FAE423FE1CF3}.Debug|Any CPU.Build.0 = Debug|Any CPU
		{E5B13366-F058-457C-A269-FAE423FE1CF3}.Release|Any CPU.ActiveCfg = Release|Any CPU
		{E5B13366-F058-457C-A269-FAE423FE1CF3}.Release|Any CPU.Build.0 = Release|Any CPU
		{08B8A6F6-AA7F-4C25-8D49-FF7EE8BB2708}.Debug|Any CPU.ActiveCfg = Debug|Any CPU
		{08B8A6F6-AA7F-4C25-8D49-FF7EE8BB2708}.Debug|Any CPU.Build.0 = Debug|Any CPU
		{08B8A6F6-AA7F-4C25-8D49-FF7EE8BB2708}.Release|Any CPU.ActiveCfg = Release|Any CPU
		{08B8A6F6-AA7F-4C25-8D49-FF7EE8BB2708}.Release|Any CPU.Build.0 = Release|Any CPU
		{14F3DFD9-5FF3-433E-BC6D-D0FB90ED2406}.Debug|Any CPU.ActiveCfg = Debug|Any CPU
		{14F3DFD9-5FF3-433E-BC6D-D0FB90ED2406}.Debug|Any CPU.Build.0 = Debug|Any CPU
		{14F3DFD9-5FF3-433E-BC6D-D0FB90ED2406}.Release|Any CPU.ActiveCfg = Release|Any CPU
		{14F3DFD9-5FF3-433E-BC6D-D0FB90ED2406}.Release|Any CPU.Build.0 = Release|Any CPU
	EndGlobalSection
EndGlobal
